// !$*UTF8*$!
{
	archiveVersion = 1;
	classes = {
	};
	objectVersion = 46;
	objects = {

/* Begin PBXBuildFile section */
		8FF467DD1BDE8221002ECE59 /* AppDelegate.swift in Sources */ = {isa = PBXBuildFile; fileRef = 8FF467DC1BDE8221002ECE59 /* AppDelegate.swift */; };
		8FF467DF1BDE8221002ECE59 /* ViewController.swift in Sources */ = {isa = PBXBuildFile; fileRef = 8FF467DE1BDE8221002ECE59 /* ViewController.swift */; };
		8FF467E21BDE8221002ECE59 /* Main.storyboard in Resources */ = {isa = PBXBuildFile; fileRef = 8FF467E01BDE8221002ECE59 /* Main.storyboard */; };
		8FF467E41BDE8221002ECE59 /* Assets.xcassets in Resources */ = {isa = PBXBuildFile; fileRef = 8FF467E31BDE8221002ECE59 /* Assets.xcassets */; };
		8FF467E71BDE8221002ECE59 /* LaunchScreen.storyboard in Resources */ = {isa = PBXBuildFile; fileRef = 8FF467E51BDE8221002ECE59 /* LaunchScreen.storyboard */; };
		8FF467EF1BDE9A4E002ECE59 /* DragImg.swift in Sources */ = {isa = PBXBuildFile; fileRef = 8FF467EE1BDE9A4E002ECE59 /* DragImg.swift */; };
		8FF467F11BDEA626002ECE59 /* MonsterImg.swift in Sources */ = {isa = PBXBuildFile; fileRef = 8FF467F01BDEA626002ECE59 /* MonsterImg.swift */; };
		8FF468151BDFC25F002ECE59 /* bite.wav in Resources */ = {isa = PBXBuildFile; fileRef = 8FF468101BDFC25F002ECE59 /* bite.wav */; };
		8FF468161BDFC25F002ECE59 /* cave-music.mp3 in Resources */ = {isa = PBXBuildFile; fileRef = 8FF468111BDFC25F002ECE59 /* cave-music.mp3 */; };
		8FF468171BDFC25F002ECE59 /* death.wav in Resources */ = {isa = PBXBuildFile; fileRef = 8FF468121BDFC25F002ECE59 /* death.wav */; };
		8FF468181BDFC25F002ECE59 /* heart.wav in Resources */ = {isa = PBXBuildFile; fileRef = 8FF468131BDFC25F002ECE59 /* heart.wav */; };
		8FF468191BDFC25F002ECE59 /* skull.wav in Resources */ = {isa = PBXBuildFile; fileRef = 8FF468141BDFC25F002ECE59 /* skull.wav */; };
/* End PBXBuildFile section */

/* Begin PBXFileReference section */
		8FF467D91BDE8221002ECE59 /* PetRock.app */ = {isa = PBXFileReference; explicitFileType = wrapper.application; includeInIndex = 0; path = PetRock.app; sourceTree = BUILT_PRODUCTS_DIR; };
		8FF467DC1BDE8221002ECE59 /* AppDelegate.swift */ = {isa = PBXFileReference; lastKnownFileType = sourcecode.swift; path = AppDelegate.swift; sourceTree = "<group>"; };
		8FF467DE1BDE8221002ECE59 /* ViewController.swift */ = {isa = PBXFileReference; lastKnownFileType = sourcecode.swift; path = ViewController.swift; sourceTree = "<group>"; };
		8FF467E11BDE8221002ECE59 /* Base */ = {isa = PBXFileReference; lastKnownFileType = file.storyboard; name = Base; path = Base.lproj/Main.storyboard; sourceTree = "<group>"; };
		8FF467E31BDE8221002ECE59 /* Assets.xcassets */ = {isa = PBXFileReference; lastKnownFileType = folder.assetcatalog; path = Assets.xcassets; sourceTree = "<group>"; };
		8FF467E61BDE8221002ECE59 /* Base */ = {isa = PBXFileReference; lastKnownFileType = file.storyboard; name = Base; path = Base.lproj/LaunchScreen.storyboard; sourceTree = "<group>"; };
		8FF467E81BDE8221002ECE59 /* Info.plist */ = {isa = PBXFileReference; lastKnownFileType = text.plist.xml; path = Info.plist; sourceTree = "<group>"; };
		8FF467EE1BDE9A4E002ECE59 /* DragImg.swift */ = {isa = PBXFileReference; fileEncoding = 4; lastKnownFileType = sourcecode.swift; path = DragImg.swift; sourceTree = "<group>"; };
		8FF467F01BDEA626002ECE59 /* MonsterImg.swift */ = {isa = PBXFileReference; fileEncoding = 4; lastKnownFileType = sourcecode.swift; path = MonsterImg.swift; sourceTree = "<group>"; };
		8FF468101BDFC25F002ECE59 /* bite.wav */ = {isa = PBXFileReference; lastKnownFileType = audio.wav; path = bite.wav; sourceTree = "<group>"; };
		8FF468111BDFC25F002ECE59 /* cave-music.mp3 */ = {isa = PBXFileReference; lastKnownFileType = audio.mp3; path = "cave-music.mp3"; sourceTree = "<group>"; };
		8FF468121BDFC25F002ECE59 /* death.wav */ = {isa = PBXFileReference; lastKnownFileType = audio.wav; path = death.wav; sourceTree = "<group>"; };
		8FF468131BDFC25F002ECE59 /* heart.wav */ = {isa = PBXFileReference; lastKnownFileType = audio.wav; path = heart.wav; sourceTree = "<group>"; };
		8FF468141BDFC25F002ECE59 /* skull.wav */ = {isa = PBXFileReference; lastKnownFileType = audio.wav; path = skull.wav; sourceTree = "<group>"; };
/* End PBXFileReference section */

/* Begin PBXFrameworksBuildPhase section */
		8FF467D61BDE8221002ECE59 /* Frameworks */ = {
			isa = PBXFrameworksBuildPhase;
			buildActionMask = 2147483647;
			files = (
			);
			runOnlyForDeploymentPostprocessing = 0;
		};
/* End PBXFrameworksBuildPhase section */

/* Begin PBXGroup section */
		8FF467D01BDE8221002ECE59 = {
			isa = PBXGroup;
			children = (
				8FF467DB1BDE8221002ECE59 /* PetRock */,
				8FF467DA1BDE8221002ECE59 /* Products */,
			);
			sourceTree = "<group>";
		};
		8FF467DA1BDE8221002ECE59 /* Products */ = {
			isa = PBXGroup;
			children = (
				8FF467D91BDE8221002ECE59 /* PetRock.app */,
			);
			name = Products;
			sourceTree = "<group>";
		};
		8FF467DB1BDE8221002ECE59 /* PetRock */ = {
			isa = PBXGroup;
			children = (
				8FF468101BDFC25F002ECE59 /* bite.wav */,
				8FF468111BDFC25F002ECE59 /* cave-music.mp3 */,
				8FF468121BDFC25F002ECE59 /* death.wav */,
				8FF468131BDFC25F002ECE59 /* heart.wav */,
				8FF468141BDFC25F002ECE59 /* skull.wav */,
				8FF467DC1BDE8221002ECE59 /* AppDelegate.swift */,
				8FF467DE1BDE8221002ECE59 /* ViewController.swift */,
				8FF467E01BDE8221002ECE59 /* Main.storyboard */,
				8FF467F01BDEA626002ECE59 /* MonsterImg.swift */,
				8FF467EE1BDE9A4E002ECE59 /* DragImg.swift */,
				8FF467E31BDE8221002ECE59 /* Assets.xcassets */,
				8FF467E51BDE8221002ECE59 /* LaunchScreen.storyboard */,
				8FF467E81BDE8221002ECE59 /* Info.plist */,
			);
			path = PetRock;
			sourceTree = "<group>";
		};
/* End PBXGroup section */

/* Begin PBXNativeTarget section */
		8FF467D81BDE8221002ECE59 /* PetRock */ = {
			isa = PBXNativeTarget;
			buildConfigurationList = 8FF467EB1BDE8221002ECE59 /* Build configuration list for PBXNativeTarget "PetRock" */;
			buildPhases = (
				8FF467D51BDE8221002ECE59 /* Sources */,
				8FF467D61BDE8221002ECE59 /* Frameworks */,
				8FF467D71BDE8221002ECE59 /* Resources */,
			);
			buildRules = (
			);
			dependencies = (
			);
			name = PetRock;
			productName = PetRock;
			productReference = 8FF467D91BDE8221002ECE59 /* PetRock.app */;
			productType = "com.apple.product-type.application";
		};
/* End PBXNativeTarget section */

/* Begin PBXProject section */
		8FF467D11BDE8221002ECE59 /* Project object */ = {
			isa = PBXProject;
			attributes = {
				LastSwiftUpdateCheck = 0710;
				LastUpgradeCheck = 0710;
				ORGANIZATIONNAME = "Mike Pitre";
				TargetAttributes = {
					8FF467D81BDE8221002ECE59 = {
						CreatedOnToolsVersion = 7.1;
						DevelopmentTeam = RFXBTPH739;
					};
				};
			};
			buildConfigurationList = 8FF467D41BDE8221002ECE59 /* Build configuration list for PBXProject "PetRock" */;
			compatibilityVersion = "Xcode 3.2";
			developmentRegion = English;
			hasScannedForEncodings = 0;
			knownRegions = (
				en,
				Base,
			);
			mainGroup = 8FF467D01BDE8221002ECE59;
			productRefGroup = 8FF467DA1BDE8221002ECE59 /* Products */;
			projectDirPath = "";
			projectRoot = "";
			targets = (
				8FF467D81BDE8221002ECE59 /* PetRock */,
			);
		};
/* End PBXProject section */

/* Begin PBXResourcesBuildPhase section */
		8FF467D71BDE8221002ECE59 /* Resources */ = {
			isa = PBXResourcesBuildPhase;
			buildActionMask = 2147483647;
			files = (
				8FF468191BDFC25F002ECE59 /* skull.wav in Resources */,
				8FF468151BDFC25F002ECE59 /* bite.wav in Resources */,
				8FF468171BDFC25F002ECE59 /* death.wav in Resources */,
				8FF468181BDFC25F002ECE59 /* heart.wav in Resources */,
				8FF468161BDFC25F002ECE59 /* cave-music.mp3 in Resources */,
				8FF467E71BDE8221002ECE59 /* LaunchScreen.storyboard in Resources */,
				8FF467E41BDE8221002ECE59 /* Assets.xcassets in Resources */,
				8FF467E21BDE8221002ECE59 /* Main.storyboard in Resources */,
			);
			runOnlyForDeploymentPostprocessing = 0;
		};
/* End PBXResourcesBuildPhase section */

/* Begin PBXSourcesBuildPhase section */
		8FF467D51BDE8221002ECE59 /* Sources */ = {
			isa = PBXSourcesBuildPhase;
			buildActionMask = 2147483647;
			files = (
				8FF467F11BDEA626002ECE59 /* MonsterImg.swift in Sources */,
				8FF467EF1BDE9A4E002ECE59 /* DragImg.swift in Sources */,
				8FF467DF1BDE8221002ECE59 /* ViewController.swift in Sources */,
				8FF467DD1BDE8221002ECE59 /* AppDelegate.swift in Sources */,
			);
			runOnlyForDeploymentPostprocessing = 0;
		};
/* End PBXSourcesBuildPhase section */

/* Begin PBXVariantGroup section */
		8FF467E01BDE8221002ECE59 /* Main.storyboard */ = {
			isa = PBXVariantGroup;
			children = (
				8FF467E11BDE8221002ECE59 /* Base */,
			);
			name = Main.storyboard;
			sourceTree = "<group>";
		};
		8FF467E51BDE8221002ECE59 /* LaunchScreen.storyboard */ = {
			isa = PBXVariantGroup;
			children = (
				8FF467E61BDE8221002ECE59 /* Base */,
			);
			name = LaunchScreen.storyboard;
			sourceTree = "<group>";
		};
/* End PBXVariantGroup section */

/* Begin XCBuildConfiguration section */
		8FF467E91BDE8221002ECE59 /* Debug */ = {
			isa = XCBuildConfiguration;
			buildSettings = {
				ALWAYS_SEARCH_USER_PATHS = NO;
				CLANG_CXX_LANGUAGE_STANDARD = "gnu++0x";
				CLANG_CXX_LIBRARY = "libc++";
				CLANG_ENABLE_MODULES = YES;
				CLANG_ENABLE_OBJC_ARC = YES;
				CLANG_WARN_BOOL_CONVERSION = YES;
				CLANG_WARN_CONSTANT_CONVERSION = YES;
				CLANG_WARN_DIRECT_OBJC_ISA_USAGE = YES_ERROR;
				CLANG_WARN_EMPTY_BODY = YES;
				CLANG_WARN_ENUM_CONVERSION = YES;
				CLANG_WARN_INT_CONVERSION = YES;
				CLANG_WARN_OBJC_ROOT_CLASS = YES_ERROR;
				CLANG_WARN_UNREACHABLE_CODE = YES;
				CLANG_WARN__DUPLICATE_METHOD_MATCH = YES;
				"CODE_SIGN_IDENTITY[sdk=iphoneos*]" = "iPhone Developer";
				COPY_PHASE_STRIP = NO;
				DEBUG_INFORMATION_FORMAT = dwarf;
				ENABLE_STRICT_OBJC_MSGSEND = YES;
				ENABLE_TESTABILITY = YES;
				GCC_C_LANGUAGE_STANDARD = gnu99;
				GCC_DYNAMIC_NO_PIC = NO;
				GCC_NO_COMMON_BLOCKS = YES;
				GCC_OPTIMIZATION_LEVEL = 0;
				GCC_PREPROCESSOR_DEFINITIONS = (
					"DEBUG=1",
					"$(inherited)",
				);
				GCC_WARN_64_TO_32_BIT_CONVERSION = YES;
				GCC_WARN_ABOUT_RETURN_TYPE = YES_ERROR;
				GCC_WARN_UNDECLARED_SELECTOR = YES;
				GCC_WARN_UNINITIALIZED_AUTOS = YES_AGGRESSIVE;
				GCC_WARN_UNUSED_FUNCTION = YES;
				GCC_WARN_UNUSED_VARIABLE = YES;
				IPHONEOS_DEPLOYMENT_TARGET = 9.1;
				MTL_ENABLE_DEBUG_INFO = YES;
				ONLY_ACTIVE_ARCH = YES;
				SDKROOT = iphoneos;
				SWIFT_OPTIMIZATION_LEVEL = "-Onone";
				TARGETED_DEVICE_FAMILY = "1,2";
			};
			name = Debug;
		};
		8FF467EA1BDE8221002ECE59 /* Release */ = {
			isa = XCBuildConfiguration;
			buildSettings = {
				ALWAYS_SEARCH_USER_PATHS = NO;
				CLANG_CXX_LANGUAGE_STANDARD = "gnu++0x";
				CLANG_CXX_LIBRARY = "libc++";
				CLANG_ENABLE_MODULES = YES;
				CLANG_ENABLE_OBJC_ARC = YES;
				CLANG_WARN_BOOL_CONVERSION = YES;
				CLANG_WARN_CONSTANT_CONVERSION = YES;
				CLANG_WARN_DIRECT_OBJC_ISA_USAGE = YES_ERROR;
				CLANG_WARN_EMPTY_BODY = YES;
				CLANG_WARN_ENUM_CONVERSION = YES;
				CLANG_WARN_INT_CONVERSION = YES;
				CLANG_WARN_OBJC_ROOT_CLASS = YES_ERROR;
				CLANG_WARN_UNREACHABLE_CODE = YES;
				CLANG_WARN__DUPLICATE_METHOD_MATCH = YES;
				"CODE_SIGN_IDENTITY[sdk=iphoneos*]" = "iPhone Developer";
				COPY_PHASE_STRIP = NO;
				DEBUG_INFORMATION_FORMAT = "dwarf-with-dsym";
				ENABLE_NS_ASSERTIONS = NO;
				ENABLE_STRICT_OBJC_MSGSEND = YES;
				GCC_C_LANGUAGE_STANDARD = gnu99;
				GCC_NO_COMMON_BLOCKS = YES;
				GCC_WARN_64_TO_32_BIT_CONVERSION = YES;
				GCC_WARN_ABOUT_RETURN_TYPE = YES_ERROR;
				GCC_WARN_UNDECLARED_SELECTOR = YES;
				GCC_WARN_UNINITIALIZED_AUTOS = YES_AGGRESSIVE;
				GCC_WARN_UNUSED_FUNCTION = YES;
				GCC_WARN_UNUSED_VARIABLE = YES;
				IPHONEOS_DEPLOYMENT_TARGET = 9.1;
				MTL_ENABLE_DEBUG_INFO = NO;
				SDKROOT = iphoneos;
				TARGETED_DEVICE_FAMILY = "1,2";
				VALIDATE_PRODUCT = YES;
			};
			name = Release;
		};
		8FF467EC1BDE8221002ECE59 /* Debug */ = {
			isa = XCBuildConfiguration;
			buildSettings = {
				ASSETCATALOG_COMPILER_APPICON_NAME = AppIcon;
				INFOPLIST_FILE = PetRock/Info.plist;
				LD_RUNPATH_SEARCH_PATHS = "$(inherited) @executable_path/Frameworks";
				PRODUCT_BUNDLE_IDENTIFIER = me.mikepitre.PetRock;
				PRODUCT_NAME = "$(TARGET_NAME)";
			};
			name = Debug;
		};
		8FF467ED1BDE8221002ECE59 /* Release */ = {
			isa = XCBuildConfiguration;
			buildSettings = {
				ASSETCATALOG_COMPILER_APPICON_NAME = AppIcon;
				INFOPLIST_FILE = PetRock/Info.plist;
				LD_RUNPATH_SEARCH_PATHS = "$(inherited) @executable_path/Frameworks";
				PRODUCT_BUNDLE_IDENTIFIER = me.mikepitre.PetRock;
				PRODUCT_NAME = "$(TARGET_NAME)";
			};
			name = Release;
		};
/* End XCBuildConfiguration section */

/* Begin XCConfigurationList section */
		8FF467D41BDE8221002ECE59 /* Build configuration list for PBXProject "PetRock" */ = {
			isa = XCConfigurationList;
			buildConfigurations = (
				8FF467E91BDE8221002ECE59 /* Debug */,
				8FF467EA1BDE8221002ECE59 /* Release */,
			);
			defaultConfigurationIsVisible = 0;
			defaultConfigurationName = Release;
		};
		8FF467EB1BDE8221002ECE59 /* Build configuration list for PBXNativeTarget "PetRock" */ = {
			isa = XCConfigurationList;
			buildConfigurations = (
				8FF467EC1BDE8221002ECE59 /* Debug */,
				8FF467ED1BDE8221002ECE59 /* Release */,
			);
			defaultConfigurationIsVisible = 0;
		};
/* End XCConfigurationList section */
	};
	rootObject = 8FF467D11BDE8221002ECE59 /* Project object */;
}
